
Microsoft Visual Studio Solution File, Format Version 12.00
# Visual Studio Version 17
VisualStudioVersion = 17.7.34221.43
MinimumVisualStudioVersion = 10.0.40219.1
Project("{FAE04EC0-301F-11D3-BF4B-00C04F79EFBC}") = "BigPharma", "BigPharma\BigPharma.csproj", "{9455323A-C88B-4169-B17C-F722F32C2121}"
EndProject
Project("{FAE04EC0-301F-11D3-BF4B-00C04F79EFBC}") = "BigPharmaEngine", "BigPharmaEngine\BigPharmaEngine.csproj", "{FB06ADB3-D53F-4F1A-B7FD-E625C63D8427}"
EndProject
Global
	GlobalSection(SolutionConfigurationPlatforms) = preSolution
		Debug|Any CPU = Debug|Any CPU
		Release|Any CPU = Release|Any CPU
	EndGlobalSection
	GlobalSection(ProjectConfigurationPlatforms) = postSolution
		{9455323A-C88B-4169-B17C-F722F32C2121}.Debug|Any CPU.ActiveCfg = Debug|Any CPU
		{9455323A-C88B-4169-B17C-F722F32C2121}.Debug|Any CPU.Build.0 = Debug|Any CPU
		{9455323A-C88B-4169-B17C-F722F32C2121}.Release|Any CPU.ActiveCfg = Release|Any CPU
		{9455323A-C88B-4169-B17C-F722F32C2121}.Release|Any CPU.Build.0 = Release|Any CPU
		{FB06ADB3-D53F-4F1A-B7FD-E625C63D8427}.Debug|Any CPU.ActiveCfg = Debug|Any CPU
		{FB06ADB3-D53F-4F1A-B7FD-E625C63D8427}.Debug|Any CPU.Build.0 = Debug|Any CPU
		{FB06ADB3-D53F-4F1A-B7FD-E625C63D8427}.Release|Any CPU.ActiveCfg = Release|Any CPU
		{FB06ADB3-D53F-4F1A-B7FD-E625C63D8427}.Release|Any CPU.Build.0 = Release|Any CPU
	EndGlobalSection
	GlobalSection(SolutionProperties) = preSolution
		HideSolutionNode = FALSE
	EndGlobalSection
	GlobalSection(ExtensibilityGlobals) = postSolution
		SolutionGuid = {78E9C018-767A-4C18-A704-EDDB51478377}
	EndGlobalSection
EndGlobal
